{
  "name": "@gapi/ethereum",
  "version": "1.8.117",
  "lockfileVersion": 1,
  "requires": true,
  "dependencies": {
    "@rxdi/core": {
      "version": "0.0.64",
      "resolved": "https://registry.npmjs.org/@rxdi/core/-/core-0.0.64.tgz",
      "integrity": "sha512-A31P3Qiv/fW8rjCI1bxmbaNowei4WEsC3b/ZOkZcb7cq5Hac6cXWDlDav61plITPRdRvbh4geUd7kANzkA1oiA==",
      "dev": true,
      "requires": {
        "mkdirp": "^0.5.1",
        "reflect-metadata": "^0.1.12",
        "rxjs": "^6.2.1",
        "systemjs": "^0.21.4"
      }
    },
    "@types/bn.js": {
      "version": "4.11.1",
      "resolved": "https://registry.npmjs.org/@types/bn.js/-/bn.js-4.11.1.tgz",
      "integrity": "sha512-ialVHUVjhSH/96vKDd20XGokJ9ktVdeBrDY5w7hpHva/2ZiB3ZhZ4VZQOmSYe/vpZEkDy+ydtr9hMckxw+/MMw==",
      "dev": true,
      "requires": {
        "@types/node": "*"
      }
    },
    "@types/node": {
      "version": "9.6.22",
      "resolved": "https://registry.npmjs.org/@types/node/-/node-9.6.22.tgz",
      "integrity": "sha512-RIg9EkxzVMkNH0M4sLRngK23f5QiigJC0iODQmu4nopzstt8AjegYund3r82iMrd2BNCjcZVnklaItvKHaGfBA==",
      "dev": true
    },
    "@types/underscore": {
      "version": "1.8.8",
      "resolved": "https://registry.npmjs.org/@types/underscore/-/underscore-1.8.8.tgz",
      "integrity": "sha512-EquzRwzAAs04anQ8/6MYXFKvHoD+MIlF+gu87EDda7dN9zrKvQYHsc9VFAPB1xY4tUHQVvBMtjsHrvof2EE1Mg==",
      "dev": true
    },
    "@types/web3": {
      "version": "1.0.0",
      "resolved": "https://registry.npmjs.org/@types/web3/-/web3-1.0.0.tgz",
      "integrity": "sha512-6Qa9w64tAJm4pNvb/vCdF0/asEGE9rMAjKrC8xOWRXNRmNnF75hNlCTJLTww7UpABKM0aZ9ORRAx8baVxwb+rw==",
      "dev": true,
      "requires": {
        "@types/bn.js": "*",
        "@types/underscore": "*"
      }
    },
    "bignumber.js": {
      "version": "git+https://github.com/frozeman/bignumber.js-nolookahead.git#57692b3ecfc98bbdd6b3a516cb2353652ea49934",
      "from": "git+https://github.com/frozeman/bignumber.js-nolookahead.git"
    },
    "bn.js": {
      "version": "4.11.8",
      "resolved": "https://registry.npmjs.org/bn.js/-/bn.js-4.11.8.tgz",
      "integrity": "sha512-ItfYfPLkWHUjckQCk8xC+LwxgK8NYcXywGigJgSwOP8Y2iyWT4f2vsZnoOXTTbo+o5yXmIUJ4gn5538SO5S3gA=="
    },
    "crypto-js": {
      "version": "3.1.8",
      "resolved": "https://registry.npmjs.org/crypto-js/-/crypto-js-3.1.8.tgz",
      "integrity": "sha1-cV8HC/YBTyrpkqmLOSkli3E/CNU="
    },
    "minimist": {
      "version": "0.0.8",
      "resolved": "https://registry.npmjs.org/minimist/-/minimist-0.0.8.tgz",
      "integrity": "sha1-hX/Kv8M5fSYluCKCYuhqp6ARsF0=",
      "dev": true
    },
    "mkdirp": {
      "version": "0.5.1",
      "resolved": "https://registry.npmjs.org/mkdirp/-/mkdirp-0.5.1.tgz",
      "integrity": "sha1-MAV0OOrGz3+MR2fzhkjWaX11yQM=",
      "dev": true,
      "requires": {
        "minimist": "0.0.8"
      }
    },
    "reflect-metadata": {
      "version": "0.1.12",
      "resolved": "https://registry.npmjs.org/reflect-metadata/-/reflect-metadata-0.1.12.tgz",
      "integrity": "sha512-n+IyV+nGz3+0q3/Yf1ra12KpCyi001bi4XFxSjbiWWjfqb52iTTtpGXmCCAOWWIAn9KEuFZKGqBERHmrtScZ3A==",
      "dev": true
    },
    "rxjs": {
      "version": "6.2.1",
      "resolved": "https://registry.npmjs.org/rxjs/-/rxjs-6.2.1.tgz",
      "integrity": "sha512-OwMxHxmnmHTUpgO+V7dZChf3Tixf4ih95cmXjzzadULziVl/FKhHScGLj4goEw9weePVOH2Q0+GcCBUhKCZc/g==",
      "dev": true,
      "requires": {
        "tslib": "^1.9.0"
      }
    },
    "systemjs": {
      "version": "0.21.4",
      "resolved": "https://registry.npmjs.org/systemjs/-/systemjs-0.21.4.tgz",
      "integrity": "sha512-l1O8boHjAIY5UG74Xk4B63LK9QbFxv/FkQa//GGGWaTeQoMhTsWnFrYwPWBScSF4xQFMO/+v9QB4i633h8Oytw==",
      "dev": true
    },
    "tslib": {
      "version": "1.9.3",
      "resolved": "https://registry.npmjs.org/tslib/-/tslib-1.9.3.tgz",
      "integrity": "sha512-4krF8scpejhaOgqzBEcGM7yDIEfi0/8+8zDRZhNZZ2kjmHJ4hv3zCbQWxoJGz1iw5U0Jl0nma13xzHXcncMavQ==",
      "dev": true
    },
    "utf8": {
      "version": "2.1.2",
      "resolved": "https://registry.npmjs.org/utf8/-/utf8-2.1.2.tgz",
      "integrity": "sha1-H6DZJw6b6FDZsFAn9jUZv0ZFfZY="
    },
    "web3": {
      "version": "0.20.6",
      "resolved": "https://registry.npmjs.org/web3/-/web3-0.20.6.tgz",
      "integrity": "sha1-PpcwauAk+yThCj11yIQwJWIhUSA=",
      "requires": {
        "bignumber.js": "git+https://github.com/frozeman/bignumber.js-nolookahead.git#57692b3ecfc98bbdd6b3a516cb2353652ea49934",
        "crypto-js": "^3.1.4",
        "utf8": "^2.1.1",
        "xhr2": "*",
        "xmlhttprequest": "*"
      }
    },
    "xhr2": {
      "version": "0.1.4",
      "resolved": "https://registry.npmjs.org/xhr2/-/xhr2-0.1.4.tgz",
      "integrity": "sha1-f4dliEdxbbUCYyOBL4GMras4el8="
    },
    "xmlhttprequest": {
      "version": "1.8.0",
      "resolved": "https://registry.npmjs.org/xmlhttprequest/-/xmlhttprequest-1.8.0.tgz",
      "integrity": "sha1-Z/4HXFwk/vOfnWX197f+dRcZaPw="
    }
  }
}
